
Microsoft Visual Studio Solution File, Format Version 12.00
# Visual Studio Version 16
VisualStudioVersion = 16.0.31129.286
MinimumVisualStudioVersion = 10.0.40219.1
Project("{2150E333-8FDC-42A3-9474-1A3956D46DE8}") = "Solution Items", "Solution Items", "{FBB63516-C3DE-4AB1-A812-EE4F3C2203EB}"
	ProjectSection(SolutionItems) = preProject
		.editorconfig = .editorconfig
	EndProjectSection
EndProject
Project("{9A19103F-16F7-4668-BE54-9A1E7A4F7556}") = "BackupMeta", "BackupMeta\BackupMeta.csproj", "{0C1A71FA-1575-4623-A9E5-334AF3CB8172}"
EndProject
Project("{9A19103F-16F7-4668-BE54-9A1E7A4F7556}") = "Backup", "Backup\Backup.csproj", "{774A06EC-70FF-4D57-B395-A9F04B65BC28}"
	ProjectSection(ProjectDependencies) = postProject
		{1F011A1B-B2DC-4828-9CD7-DF3AC686C001} = {1F011A1B-B2DC-4828-9CD7-DF3AC686C001}
	EndProjectSection
EndProject
Project("{9A19103F-16F7-4668-BE54-9A1E7A4F7556}") = "Utility", "Utility\Utility.csproj", "{1F011A1B-B2DC-4828-9CD7-DF3AC686C001}"
EndProject
Project("{FAE04EC0-301F-11D3-BF4B-00C04F79EFBC}") = "IncrementalBackup", "IncrementalBackup\IncrementalBackup.csproj", "{992107FC-E008-4B53-88F9-5DB9006D99C2}"
	ProjectSection(ProjectDependencies) = postProject
		{1F011A1B-B2DC-4828-9CD7-DF3AC686C001} = {1F011A1B-B2DC-4828-9CD7-DF3AC686C001}
		{774A06EC-70FF-4D57-B395-A9F04B65BC28} = {774A06EC-70FF-4D57-B395-A9F04B65BC28}
	EndProjectSection
EndProject
Global
	GlobalSection(SolutionConfigurationPlatforms) = preSolution
		Debug|Any CPU = Debug|Any CPU
		Release|Any CPU = Release|Any CPU
	EndGlobalSection
	GlobalSection(ProjectConfigurationPlatforms) = postSolution
		{0C1A71FA-1575-4623-A9E5-334AF3CB8172}.Debug|Any CPU.ActiveCfg = Debug|Any CPU
		{0C1A71FA-1575-4623-A9E5-334AF3CB8172}.Debug|Any CPU.Build.0 = Debug|Any CPU
		{0C1A71FA-1575-4623-A9E5-334AF3CB8172}.Release|Any CPU.ActiveCfg = Release|Any CPU
		{0C1A71FA-1575-4623-A9E5-334AF3CB8172}.Release|Any CPU.Build.0 = Release|Any CPU
		{774A06EC-70FF-4D57-B395-A9F04B65BC28}.Debug|Any CPU.ActiveCfg = Debug|Any CPU
		{774A06EC-70FF-4D57-B395-A9F04B65BC28}.Debug|Any CPU.Build.0 = Debug|Any CPU
		{774A06EC-70FF-4D57-B395-A9F04B65BC28}.Release|Any CPU.ActiveCfg = Release|Any CPU
		{774A06EC-70FF-4D57-B395-A9F04B65BC28}.Release|Any CPU.Build.0 = Release|Any CPU
		{1F011A1B-B2DC-4828-9CD7-DF3AC686C001}.Debug|Any CPU.ActiveCfg = Debug|Any CPU
		{1F011A1B-B2DC-4828-9CD7-DF3AC686C001}.Debug|Any CPU.Build.0 = Debug|Any CPU
		{1F011A1B-B2DC-4828-9CD7-DF3AC686C001}.Release|Any CPU.ActiveCfg = Release|Any CPU
		{1F011A1B-B2DC-4828-9CD7-DF3AC686C001}.Release|Any CPU.Build.0 = Release|Any CPU
		{992107FC-E008-4B53-88F9-5DB9006D99C2}.Debug|Any CPU.ActiveCfg = Debug|Any CPU
		{992107FC-E008-4B53-88F9-5DB9006D99C2}.Debug|Any CPU.Build.0 = Debug|Any CPU
		{992107FC-E008-4B53-88F9-5DB9006D99C2}.Release|Any CPU.ActiveCfg = Release|Any CPU
		{992107FC-E008-4B53-88F9-5DB9006D99C2}.Release|Any CPU.Build.0 = Release|Any CPU
	EndGlobalSection
	GlobalSection(SolutionProperties) = preSolution
		HideSolutionNode = FALSE
	EndGlobalSection
	GlobalSection(ExtensibilityGlobals) = postSolution
		SolutionGuid = {7A29C4E9-FA5A-4077-B061-FAA9816BAF44}
	EndGlobalSection
EndGlobal
